{
  "originHash" : "741e00a38ed257a55afd7208bf340dc23bf95ff1bc8db81aa7de23a4c81744c1",
  "pins" : [
    {
      "identity" : "dittoswiftpackage",
      "kind" : "remoteSourceControl",
      "location" : "https://github.com/getditto/DittoSwiftPackage",
      "state" : {
        "revision" : "f5fe2be65db126bd0535f3f5e831e679b7aa2dad",
        "version" : "4.9.2"
      }
    }
  ],
  "version" : 3
}
